// !$*UTF8*$!
{
	archiveVersion = 1;
	classes = {
	};
	objectVersion = 46;
	objects = {

/* Begin PBXBuildFile section */
		40B4EA9C1F39940B00F4393A /* DetailPhotoViewController.swift in Sources */ = {isa = PBXBuildFile; fileRef = 40B4EA9B1F39940B00F4393A /* DetailPhotoViewController.swift */; };
		40B4EA9E1F39A4AA00F4393A /* DetailPhotoCell.swift in Sources */ = {isa = PBXBuildFile; fileRef = 40B4EA9D1F39A4AA00F4393A /* DetailPhotoCell.swift */; };
		7D69DCDE1F44E10400BC83E9 /* Setting.storyboard in Resources */ = {isa = PBXBuildFile; fileRef = 7D69DCDC1F44E10400BC83E9 /* Setting.storyboard */; };
		7D69DCE01F45009000BC83E9 /* SettingViewController.swift in Sources */ = {isa = PBXBuildFile; fileRef = 7D69DCDF1F45009000BC83E9 /* SettingViewController.swift */; };
		7D77D70E1F35D035008E61FF /* ClassifiedPhotoCell.swift in Sources */ = {isa = PBXBuildFile; fileRef = 7D77D70D1F35D035008E61FF /* ClassifiedPhotoCell.swift */; };
		7DB0712E1F455F6400F37D7F /* CustomSlider.swift in Sources */ = {isa = PBXBuildFile; fileRef = 7DB0712D1F455F6400F37D7F /* CustomSlider.swift */; };
		C931F0431F3F6F02004653EE /* PhotoLibraryObserver.swift in Sources */ = {isa = PBXBuildFile; fileRef = C931F0421F3F6F02004653EE /* PhotoLibraryObserver.swift */; };
		C931F0451F42D0C6004653EE /* ClassifiedPhotoAssets.swift in Sources */ = {isa = PBXBuildFile; fileRef = C931F0441F42D0C6004653EE /* ClassifiedPhotoAssets.swift */; };
		C93874671F383DCC00CB0AC4 /* PhotoDataSource.swift in Sources */ = {isa = PBXBuildFile; fileRef = C93874661F383DCC00CB0AC4 /* PhotoDataSource.swift */; };
		C93874691F383DD600CB0AC4 /* PhotoStore.swift in Sources */ = {isa = PBXBuildFile; fileRef = C93874681F383DD600CB0AC4 /* PhotoStore.swift */; };
		C93874761F38624300CB0AC4 /* Temporary.storyboard in Resources */ = {isa = PBXBuildFile; fileRef = C93874721F38624300CB0AC4 /* Temporary.storyboard */; };
		C93874771F38624300CB0AC4 /* Detail.storyboard in Resources */ = {isa = PBXBuildFile; fileRef = C93874741F38624300CB0AC4 /* Detail.storyboard */; };
		C938747A1F38625000CB0AC4 /* Constants.swift in Sources */ = {isa = PBXBuildFile; fileRef = C93874781F38625000CB0AC4 /* Constants.swift */; };
		C938747B1F38625000CB0AC4 /* Extension.swift in Sources */ = {isa = PBXBuildFile; fileRef = C93874791F38625000CB0AC4 /* Extension.swift */; };
		C94068B51F397EAF00D5B6F8 /* PhotoClassifiable.swift in Sources */ = {isa = PBXBuildFile; fileRef = C94068B41F397EAF00D5B6F8 /* PhotoClassifiable.swift */; };
		C94068B81F3997B600D5B6F8 /* TemporaryPhotoStore.swift in Sources */ = {isa = PBXBuildFile; fileRef = C94068B71F3997B600D5B6F8 /* TemporaryPhotoStore.swift */; };
		C94068BA1F39ABFC00D5B6F8 /* PhotoStoreDelegate.swift in Sources */ = {isa = PBXBuildFile; fileRef = C94068B91F39ABFC00D5B6F8 /* PhotoStoreDelegate.swift */; };
		C9804C1A1F39CD1700075E8F /* TemporaryPhotoCell.swift in Sources */ = {isa = PBXBuildFile; fileRef = C9804C191F39CD1700075E8F /* TemporaryPhotoCell.swift */; };
		C9804C1C1F39CD7700075E8F /* TemporaryPhotoViewController.swift in Sources */ = {isa = PBXBuildFile; fileRef = C9804C1B1F39CD7700075E8F /* TemporaryPhotoViewController.swift */; };
		C98429C11F3EF9E500D2E1B8 /* LoadingView.swift in Sources */ = {isa = PBXBuildFile; fileRef = C98429C01F3EF9E500D2E1B8 /* LoadingView.swift */; };
		C98429C31F3F1F6400D2E1B8 /* LoadingView.xib in Resources */ = {isa = PBXBuildFile; fileRef = C98429C21F3F1F6400D2E1B8 /* LoadingView.xib */; };
		C9E21E9C1F3439BB00B17CC4 /* AppDelegate.swift in Sources */ = {isa = PBXBuildFile; fileRef = C9E21E9B1F3439BB00B17CC4 /* AppDelegate.swift */; };
		C9E21E9E1F3439BB00B17CC4 /* ClassifiedPhotoViewController.swift in Sources */ = {isa = PBXBuildFile; fileRef = C9E21E9D1F3439BB00B17CC4 /* ClassifiedPhotoViewController.swift */; };
		C9E21EA11F3439BB00B17CC4 /* Main.storyboard in Resources */ = {isa = PBXBuildFile; fileRef = C9E21E9F1F3439BB00B17CC4 /* Main.storyboard */; };
		C9E21EA31F3439BB00B17CC4 /* Assets.xcassets in Resources */ = {isa = PBXBuildFile; fileRef = C9E21EA21F3439BB00B17CC4 /* Assets.xcassets */; };
/* End PBXBuildFile section */

/* Begin PBXFileReference section */
		40B4EA9B1F39940B00F4393A /* DetailPhotoViewController.swift */ = {isa = PBXFileReference; fileEncoding = 4; lastKnownFileType = sourcecode.swift; path = DetailPhotoViewController.swift; sourceTree = "<group>"; };
		40B4EA9D1F39A4AA00F4393A /* DetailPhotoCell.swift */ = {isa = PBXFileReference; fileEncoding = 4; lastKnownFileType = sourcecode.swift; path = DetailPhotoCell.swift; sourceTree = "<group>"; };
		7D69DCDD1F44E10400BC83E9 /* Base */ = {isa = PBXFileReference; lastKnownFileType = file.storyboard; name = Base; path = Electo/Base.lproj/Setting.storyboard; sourceTree = "<group>"; };
		7D69DCDF1F45009000BC83E9 /* SettingViewController.swift */ = {isa = PBXFileReference; fileEncoding = 4; lastKnownFileType = sourcecode.swift; path = SettingViewController.swift; sourceTree = "<group>"; };
		7D77D70D1F35D035008E61FF /* ClassifiedPhotoCell.swift */ = {isa = PBXFileReference; fileEncoding = 4; lastKnownFileType = sourcecode.swift; path = ClassifiedPhotoCell.swift; sourceTree = "<group>"; };
		7DB0712D1F455F6400F37D7F /* CustomSlider.swift */ = {isa = PBXFileReference; fileEncoding = 4; lastKnownFileType = sourcecode.swift; name = CustomSlider.swift; path = ../CustomSlider.swift; sourceTree = "<group>"; };
		C931F0421F3F6F02004653EE /* PhotoLibraryObserver.swift */ = {isa = PBXFileReference; fileEncoding = 4; lastKnownFileType = sourcecode.swift; path = PhotoLibraryObserver.swift; sourceTree = "<group>"; };
		C931F0441F42D0C6004653EE /* ClassifiedPhotoAssets.swift */ = {isa = PBXFileReference; fileEncoding = 4; lastKnownFileType = sourcecode.swift; path = ClassifiedPhotoAssets.swift; sourceTree = "<group>"; };
		C93874661F383DCC00CB0AC4 /* PhotoDataSource.swift */ = {isa = PBXFileReference; fileEncoding = 4; lastKnownFileType = sourcecode.swift; path = PhotoDataSource.swift; sourceTree = "<group>"; };
		C93874681F383DD600CB0AC4 /* PhotoStore.swift */ = {isa = PBXFileReference; fileEncoding = 4; lastKnownFileType = sourcecode.swift; path = PhotoStore.swift; sourceTree = "<group>"; };
		C93874731F38624300CB0AC4 /* Base */ = {isa = PBXFileReference; lastKnownFileType = file.storyboard; name = Base; path = Electo/Base.lproj/Temporary.storyboard; sourceTree = "<group>"; };
		C93874751F38624300CB0AC4 /* Base */ = {isa = PBXFileReference; lastKnownFileType = file.storyboard; name = Base; path = Electo/Base.lproj/Detail.storyboard; sourceTree = "<group>"; };
		C93874781F38625000CB0AC4 /* Constants.swift */ = {isa = PBXFileReference; fileEncoding = 4; lastKnownFileType = sourcecode.swift; name = Constants.swift; path = Electo/Constants.swift; sourceTree = "<group>"; };
		C93874791F38625000CB0AC4 /* Extension.swift */ = {isa = PBXFileReference; fileEncoding = 4; lastKnownFileType = sourcecode.swift; name = Extension.swift; path = Electo/Extension.swift; sourceTree = "<group>"; };
		C94068B41F397EAF00D5B6F8 /* PhotoClassifiable.swift */ = {isa = PBXFileReference; fileEncoding = 4; lastKnownFileType = sourcecode.swift; path = PhotoClassifiable.swift; sourceTree = "<group>"; };
		C94068B71F3997B600D5B6F8 /* TemporaryPhotoStore.swift */ = {isa = PBXFileReference; fileEncoding = 4; lastKnownFileType = sourcecode.swift; path = TemporaryPhotoStore.swift; sourceTree = "<group>"; };
		C94068B91F39ABFC00D5B6F8 /* PhotoStoreDelegate.swift */ = {isa = PBXFileReference; fileEncoding = 4; lastKnownFileType = sourcecode.swift; path = PhotoStoreDelegate.swift; sourceTree = "<group>"; };
		C9804C191F39CD1700075E8F /* TemporaryPhotoCell.swift */ = {isa = PBXFileReference; fileEncoding = 4; lastKnownFileType = sourcecode.swift; path = TemporaryPhotoCell.swift; sourceTree = "<group>"; };
		C9804C1B1F39CD7700075E8F /* TemporaryPhotoViewController.swift */ = {isa = PBXFileReference; fileEncoding = 4; lastKnownFileType = sourcecode.swift; path = TemporaryPhotoViewController.swift; sourceTree = "<group>"; };
		C98429C01F3EF9E500D2E1B8 /* LoadingView.swift */ = {isa = PBXFileReference; fileEncoding = 4; lastKnownFileType = sourcecode.swift; path = LoadingView.swift; sourceTree = "<group>"; };
		C98429C21F3F1F6400D2E1B8 /* LoadingView.xib */ = {isa = PBXFileReference; fileEncoding = 4; lastKnownFileType = file.xib; path = LoadingView.xib; sourceTree = "<group>"; };
		C9E21E981F3439BB00B17CC4 /* Electo.app */ = {isa = PBXFileReference; explicitFileType = wrapper.application; includeInIndex = 0; path = Electo.app; sourceTree = BUILT_PRODUCTS_DIR; };
		C9E21E9B1F3439BB00B17CC4 /* AppDelegate.swift */ = {isa = PBXFileReference; lastKnownFileType = sourcecode.swift; path = AppDelegate.swift; sourceTree = "<group>"; };
		C9E21E9D1F3439BB00B17CC4 /* ClassifiedPhotoViewController.swift */ = {isa = PBXFileReference; lastKnownFileType = sourcecode.swift; path = ClassifiedPhotoViewController.swift; sourceTree = "<group>"; };
		C9E21EA01F3439BB00B17CC4 /* Base */ = {isa = PBXFileReference; lastKnownFileType = file.storyboard; name = Base; path = Base.lproj/Main.storyboard; sourceTree = "<group>"; };
		C9E21EA21F3439BB00B17CC4 /* Assets.xcassets */ = {isa = PBXFileReference; lastKnownFileType = folder.assetcatalog; name = Assets.xcassets; path = Electo/Assets.xcassets; sourceTree = "<group>"; };
		C9E21EA71F3439BB00B17CC4 /* Info.plist */ = {isa = PBXFileReference; lastKnownFileType = text.plist.xml; path = Info.plist; sourceTree = "<group>"; };
/* End PBXFileReference section */

/* Begin PBXFrameworksBuildPhase section */
		C9E21E951F3439BB00B17CC4 /* Frameworks */ = {
			isa = PBXFrameworksBuildPhase;
			buildActionMask = 2147483647;
			files = (
			);
			runOnlyForDeploymentPostprocessing = 0;
		};
/* End PBXFrameworksBuildPhase section */

/* Begin PBXGroup section */
		7D77D70F1F35D03B008E61FF /* Controller */ = {
			isa = PBXGroup;
			children = (
				C9E21E9B1F3439BB00B17CC4 /* AppDelegate.swift */,
				C9E21E9D1F3439BB00B17CC4 /* ClassifiedPhotoViewController.swift */,
				40B4EA9B1F39940B00F4393A /* DetailPhotoViewController.swift */,
				C9804C1B1F39CD7700075E8F /* TemporaryPhotoViewController.swift */,
				7D69DCDF1F45009000BC83E9 /* SettingViewController.swift */,
			);
			name = Controller;
			sourceTree = "<group>";
		};
		7D77D7101F35D046008E61FF /* View */ = {
			isa = PBXGroup;
			children = (
				7D77D70D1F35D035008E61FF /* ClassifiedPhotoCell.swift */,
				40B4EA9D1F39A4AA00F4393A /* DetailPhotoCell.swift */,
				C9804C191F39CD1700075E8F /* TemporaryPhotoCell.swift */,
				C98429C01F3EF9E500D2E1B8 /* LoadingView.swift */,
				7DB0712D1F455F6400F37D7F /* CustomSlider.swift */,
			);
			name = View;
			sourceTree = "<group>";
		};
		7D77D7131F35D514008E61FF /* Model */ = {
			isa = PBXGroup;
			children = (
				C931F0441F42D0C6004653EE /* ClassifiedPhotoAssets.swift */,
				C93874661F383DCC00CB0AC4 /* PhotoDataSource.swift */,
				C93874681F383DD600CB0AC4 /* PhotoStore.swift */,
				C94068B71F3997B600D5B6F8 /* TemporaryPhotoStore.swift */,
				C931F0421F3F6F02004653EE /* PhotoLibraryObserver.swift */,
				C94068B61F398DCD00D5B6F8 /* Protocol */,
			);
			name = Model;
			sourceTree = "<group>";
		};
		C93874641F383D4800CB0AC4 /* Utility */ = {
			isa = PBXGroup;
			children = (
				C93874781F38625000CB0AC4 /* Constants.swift */,
				C93874791F38625000CB0AC4 /* Extension.swift */,
			);
			name = Utility;
			path = ..;
			sourceTree = "<group>";
		};
		C93874651F383D5400CB0AC4 /* Interface */ = {
			isa = PBXGroup;
			children = (
				C98429C21F3F1F6400D2E1B8 /* LoadingView.xib */,
				C93874721F38624300CB0AC4 /* Temporary.storyboard */,
				C93874741F38624300CB0AC4 /* Detail.storyboard */,
				C9E21E9F1F3439BB00B17CC4 /* Main.storyboard */,
				7D69DCDC1F44E10400BC83E9 /* Setting.storyboard */,
				C9E21EA21F3439BB00B17CC4 /* Assets.xcassets */,
			);
			name = Interface;
			path = ..;
			sourceTree = "<group>";
		};
		C94068B61F398DCD00D5B6F8 /* Protocol */ = {
			isa = PBXGroup;
			children = (
				C94068B41F397EAF00D5B6F8 /* PhotoClassifiable.swift */,
				C94068B91F39ABFC00D5B6F8 /* PhotoStoreDelegate.swift */,
			);
			name = Protocol;
			sourceTree = "<group>";
		};
		C9E21E8F1F3439BB00B17CC4 = {
			isa = PBXGroup;
			children = (
				C9E21E9A1F3439BB00B17CC4 /* Electo */,
				C9E21E991F3439BB00B17CC4 /* Products */,
			);
			sourceTree = "<group>";
		};
		C9E21E991F3439BB00B17CC4 /* Products */ = {
			isa = PBXGroup;
			children = (
				C9E21E981F3439BB00B17CC4 /* Electo.app */,
			);
			name = Products;
			sourceTree = "<group>";
		};
		C9E21E9A1F3439BB00B17CC4 /* Electo */ = {
			isa = PBXGroup;
			children = (
				C93874641F383D4800CB0AC4 /* Utility */,
				7D77D7101F35D046008E61FF /* View */,
				7D77D70F1F35D03B008E61FF /* Controller */,
				7D77D7131F35D514008E61FF /* Model */,
				C93874651F383D5400CB0AC4 /* Interface */,
				C9E21EA71F3439BB00B17CC4 /* Info.plist */,
			);
			path = Electo;
			sourceTree = "<group>";
		};
/* End PBXGroup section */

/* Begin PBXNativeTarget section */
		C9E21E971F3439BB00B17CC4 /* Electo */ = {
			isa = PBXNativeTarget;
			buildConfigurationList = C9E21EAA1F3439BB00B17CC4 /* Build configuration list for PBXNativeTarget "Electo" */;
			buildPhases = (
				C9E21E941F3439BB00B17CC4 /* Sources */,
				C9E21E951F3439BB00B17CC4 /* Frameworks */,
				C9E21E961F3439BB00B17CC4 /* Resources */,
			);
			buildRules = (
			);
			dependencies = (
			);
			name = Electo;
			productName = Electo;
			productReference = C9E21E981F3439BB00B17CC4 /* Electo.app */;
			productType = "com.apple.product-type.application";
		};
/* End PBXNativeTarget section */

/* Begin PBXProject section */
		C9E21E901F3439BB00B17CC4 /* Project object */ = {
			isa = PBXProject;
			attributes = {
				LastSwiftUpdateCheck = 0830;
				LastUpgradeCheck = 0830;
				ORGANIZATIONNAME = RodoPacaGiraffe;
				TargetAttributes = {
					C9E21E971F3439BB00B17CC4 = {
						CreatedOnToolsVersion = 8.3.3;
						DevelopmentTeam = 9PZPL5979H;
						ProvisioningStyle = Automatic;
					};
				};
			};
			buildConfigurationList = C9E21E931F3439BB00B17CC4 /* Build configuration list for PBXProject "Electo" */;
			compatibilityVersion = "Xcode 3.2";
			developmentRegion = English;
			hasScannedForEncodings = 0;
			knownRegions = (
				en,
				Base,
			);
			mainGroup = C9E21E8F1F3439BB00B17CC4;
			productRefGroup = C9E21E991F3439BB00B17CC4 /* Products */;
			projectDirPath = "";
			projectRoot = "";
			targets = (
				C9E21E971F3439BB00B17CC4 /* Electo */,
			);
		};
/* End PBXProject section */

/* Begin PBXResourcesBuildPhase section */
		C9E21E961F3439BB00B17CC4 /* Resources */ = {
			isa = PBXResourcesBuildPhase;
			buildActionMask = 2147483647;
			files = (
				C9E21EA31F3439BB00B17CC4 /* Assets.xcassets in Resources */,
				C9E21EA11F3439BB00B17CC4 /* Main.storyboard in Resources */,
				C98429C31F3F1F6400D2E1B8 /* LoadingView.xib in Resources */,
				C93874761F38624300CB0AC4 /* Temporary.storyboard in Resources */,
				C93874771F38624300CB0AC4 /* Detail.storyboard in Resources */,
				7D69DCDE1F44E10400BC83E9 /* Setting.storyboard in Resources */,
			);
			runOnlyForDeploymentPostprocessing = 0;
		};
/* End PBXResourcesBuildPhase section */

/* Begin PBXSourcesBuildPhase section */
		C9E21E941F3439BB00B17CC4 /* Sources */ = {
			isa = PBXSourcesBuildPhase;
			buildActionMask = 2147483647;
			files = (
				40B4EA9C1F39940B00F4393A /* DetailPhotoViewController.swift in Sources */,
				40B4EA9E1F39A4AA00F4393A /* DetailPhotoCell.swift in Sources */,
				7DB0712E1F455F6400F37D7F /* CustomSlider.swift in Sources */,
				C9804C1C1F39CD7700075E8F /* TemporaryPhotoViewController.swift in Sources */,
				C938747B1F38625000CB0AC4 /* Extension.swift in Sources */,
				C931F0431F3F6F02004653EE /* PhotoLibraryObserver.swift in Sources */,
				7D69DCE01F45009000BC83E9 /* SettingViewController.swift in Sources */,
				C93874691F383DD600CB0AC4 /* PhotoStore.swift in Sources */,
				C931F0451F42D0C6004653EE /* ClassifiedPhotoAssets.swift in Sources */,
				C9E21E9E1F3439BB00B17CC4 /* ClassifiedPhotoViewController.swift in Sources */,
				C94068BA1F39ABFC00D5B6F8 /* PhotoStoreDelegate.swift in Sources */,
				C93874671F383DCC00CB0AC4 /* PhotoDataSource.swift in Sources */,
				C9E21E9C1F3439BB00B17CC4 /* AppDelegate.swift in Sources */,
				7D77D70E1F35D035008E61FF /* ClassifiedPhotoCell.swift in Sources */,
				C938747A1F38625000CB0AC4 /* Constants.swift in Sources */,
				C94068B51F397EAF00D5B6F8 /* PhotoClassifiable.swift in Sources */,
				C94068B81F3997B600D5B6F8 /* TemporaryPhotoStore.swift in Sources */,
				C98429C11F3EF9E500D2E1B8 /* LoadingView.swift in Sources */,
				C9804C1A1F39CD1700075E8F /* TemporaryPhotoCell.swift in Sources */,
			);
			runOnlyForDeploymentPostprocessing = 0;
		};
/* End PBXSourcesBuildPhase section */

/* Begin PBXVariantGroup section */
		7D69DCDC1F44E10400BC83E9 /* Setting.storyboard */ = {
			isa = PBXVariantGroup;
			children = (
				7D69DCDD1F44E10400BC83E9 /* Base */,
			);
			name = Setting.storyboard;
			sourceTree = "<group>";
		};
		C93874721F38624300CB0AC4 /* Temporary.storyboard */ = {
			isa = PBXVariantGroup;
			children = (
				C93874731F38624300CB0AC4 /* Base */,
			);
			name = Temporary.storyboard;
			sourceTree = "<group>";
		};
		C93874741F38624300CB0AC4 /* Detail.storyboard */ = {
			isa = PBXVariantGroup;
			children = (
				C93874751F38624300CB0AC4 /* Base */,
			);
			name = Detail.storyboard;
			sourceTree = "<group>";
		};
		C9E21E9F1F3439BB00B17CC4 /* Main.storyboard */ = {
			isa = PBXVariantGroup;
			children = (
				C9E21EA01F3439BB00B17CC4 /* Base */,
			);
			name = Main.storyboard;
			path = Electo;
			sourceTree = "<group>";
		};
/* End PBXVariantGroup section */

/* Begin XCBuildConfiguration section */
		C9E21EA81F3439BB00B17CC4 /* Debug */ = {
			isa = XCBuildConfiguration;
			buildSettings = {
				ALWAYS_SEARCH_USER_PATHS = NO;
				CLANG_ANALYZER_NONNULL = YES;
				CLANG_ANALYZER_NUMBER_OBJECT_CONVERSION = YES_AGGRESSIVE;
				CLANG_CXX_LANGUAGE_STANDARD = "gnu++0x";
				CLANG_CXX_LIBRARY = "libc++";
				CLANG_ENABLE_MODULES = YES;
				CLANG_ENABLE_OBJC_ARC = YES;
				CLANG_WARN_BOOL_CONVERSION = YES;
				CLANG_WARN_CONSTANT_CONVERSION = YES;
				CLANG_WARN_DIRECT_OBJC_ISA_USAGE = YES_ERROR;
				CLANG_WARN_DOCUMENTATION_COMMENTS = YES;
				CLANG_WARN_EMPTY_BODY = YES;
				CLANG_WARN_ENUM_CONVERSION = YES;
				CLANG_WARN_INFINITE_RECURSION = YES;
				CLANG_WARN_INT_CONVERSION = YES;
				CLANG_WARN_OBJC_ROOT_CLASS = YES_ERROR;
				CLANG_WARN_SUSPICIOUS_MOVE = YES;
				CLANG_WARN_UNREACHABLE_CODE = YES;
				CLANG_WARN__DUPLICATE_METHOD_MATCH = YES;
				"CODE_SIGN_IDENTITY[sdk=iphoneos*]" = "iPhone Developer";
				COPY_PHASE_STRIP = NO;
				DEBUG_INFORMATION_FORMAT = dwarf;
				ENABLE_STRICT_OBJC_MSGSEND = YES;
				ENABLE_TESTABILITY = YES;
				GCC_C_LANGUAGE_STANDARD = gnu99;
				GCC_DYNAMIC_NO_PIC = NO;
				GCC_NO_COMMON_BLOCKS = YES;
				GCC_OPTIMIZATION_LEVEL = 0;
				GCC_PREPROCESSOR_DEFINITIONS = (
					"DEBUG=1",
					"$(inherited)",
				);
				GCC_WARN_64_TO_32_BIT_CONVERSION = YES;
				GCC_WARN_ABOUT_RETURN_TYPE = YES_ERROR;
				GCC_WARN_UNDECLARED_SELECTOR = YES;
				GCC_WARN_UNINITIALIZED_AUTOS = YES_AGGRESSIVE;
				GCC_WARN_UNUSED_FUNCTION = YES;
				GCC_WARN_UNUSED_VARIABLE = YES;
				IPHONEOS_DEPLOYMENT_TARGET = 10.3;
				MTL_ENABLE_DEBUG_INFO = YES;
				ONLY_ACTIVE_ARCH = YES;
				SDKROOT = iphoneos;
				SWIFT_ACTIVE_COMPILATION_CONDITIONS = DEBUG;
				SWIFT_OPTIMIZATION_LEVEL = "-Onone";
				TARGETED_DEVICE_FAMILY = "1,2";
			};
			name = Debug;
		};
		C9E21EA91F3439BB00B17CC4 /* Release */ = {
			isa = XCBuildConfiguration;
			buildSettings = {
				ALWAYS_SEARCH_USER_PATHS = NO;
				CLANG_ANALYZER_NONNULL = YES;
				CLANG_ANALYZER_NUMBER_OBJECT_CONVERSION = YES_AGGRESSIVE;
				CLANG_CXX_LANGUAGE_STANDARD = "gnu++0x";
				CLANG_CXX_LIBRARY = "libc++";
				CLANG_ENABLE_MODULES = YES;
				CLANG_ENABLE_OBJC_ARC = YES;
				CLANG_WARN_BOOL_CONVERSION = YES;
				CLANG_WARN_CONSTANT_CONVERSION = YES;
				CLANG_WARN_DIRECT_OBJC_ISA_USAGE = YES_ERROR;
				CLANG_WARN_DOCUMENTATION_COMMENTS = YES;
				CLANG_WARN_EMPTY_BODY = YES;
				CLANG_WARN_ENUM_CONVERSION = YES;
				CLANG_WARN_INFINITE_RECURSION = YES;
				CLANG_WARN_INT_CONVERSION = YES;
				CLANG_WARN_OBJC_ROOT_CLASS = YES_ERROR;
				CLANG_WARN_SUSPICIOUS_MOVE = YES;
				CLANG_WARN_UNREACHABLE_CODE = YES;
				CLANG_WARN__DUPLICATE_METHOD_MATCH = YES;
				"CODE_SIGN_IDENTITY[sdk=iphoneos*]" = "iPhone Developer";
				COPY_PHASE_STRIP = NO;
				DEBUG_INFORMATION_FORMAT = "dwarf-with-dsym";
				ENABLE_NS_ASSERTIONS = NO;
				ENABLE_STRICT_OBJC_MSGSEND = YES;
				GCC_C_LANGUAGE_STANDARD = gnu99;
				GCC_NO_COMMON_BLOCKS = YES;
				GCC_WARN_64_TO_32_BIT_CONVERSION = YES;
				GCC_WARN_ABOUT_RETURN_TYPE = YES_ERROR;
				GCC_WARN_UNDECLARED_SELECTOR = YES;
				GCC_WARN_UNINITIALIZED_AUTOS = YES_AGGRESSIVE;
				GCC_WARN_UNUSED_FUNCTION = YES;
				GCC_WARN_UNUSED_VARIABLE = YES;
				IPHONEOS_DEPLOYMENT_TARGET = 10.3;
				MTL_ENABLE_DEBUG_INFO = NO;
				SDKROOT = iphoneos;
				SWIFT_OPTIMIZATION_LEVEL = "-Owholemodule";
				TARGETED_DEVICE_FAMILY = "1,2";
				VALIDATE_PRODUCT = YES;
			};
			name = Release;
		};
		C9E21EAB1F3439BB00B17CC4 /* Debug */ = {
			isa = XCBuildConfiguration;
			buildSettings = {
				ASSETCATALOG_COMPILER_APPICON_NAME = AppIcon;
				"CODE_SIGN_IDENTITY[sdk=iphoneos*]" = "iPhone Developer";
				DEVELOPMENT_TEAM = 9PZPL5979H;
				INFOPLIST_FILE = Electo/Info.plist;
				IPHONEOS_DEPLOYMENT_TARGET = 10.0;
				LD_RUNPATH_SEARCH_PATHS = "$(inherited) @executable_path/Frameworks";
				PRODUCT_BUNDLE_IDENTIFIER = RodoPacaGiraffe.Electo;
				PRODUCT_NAME = "$(TARGET_NAME)";
				PROVISIONING_PROFILE_SPECIFIER = "";
				SWIFT_VERSION = 3.0;
				TARGETED_DEVICE_FAMILY = 1;
			};
			name = Debug;
		};
		C9E21EAC1F3439BB00B17CC4 /* Release */ = {
			isa = XCBuildConfiguration;
			buildSettings = {
				ASSETCATALOG_COMPILER_APPICON_NAME = AppIcon;
				"CODE_SIGN_IDENTITY[sdk=iphoneos*]" = "iPhone Developer";
				DEVELOPMENT_TEAM = 9PZPL5979H;
				INFOPLIST_FILE = Electo/Info.plist;
				IPHONEOS_DEPLOYMENT_TARGET = 10.0;
				LD_RUNPATH_SEARCH_PATHS = "$(inherited) @executable_path/Frameworks";
				PRODUCT_BUNDLE_IDENTIFIER = RodoPacaGiraffe.Electo;
				PRODUCT_NAME = "$(TARGET_NAME)";
				PROVISIONING_PROFILE_SPECIFIER = "";
				SWIFT_VERSION = 3.0;
				TARGETED_DEVICE_FAMILY = 1;
			};
			name = Release;
		};
/* End XCBuildConfiguration section */

/* Begin XCConfigurationList section */
		C9E21E931F3439BB00B17CC4 /* Build configuration list for PBXProject "Electo" */ = {
			isa = XCConfigurationList;
			buildConfigurations = (
				C9E21EA81F3439BB00B17CC4 /* Debug */,
				C9E21EA91F3439BB00B17CC4 /* Release */,
			);
			defaultConfigurationIsVisible = 0;
			defaultConfigurationName = Release;
		};
		C9E21EAA1F3439BB00B17CC4 /* Build configuration list for PBXNativeTarget "Electo" */ = {
			isa = XCConfigurationList;
			buildConfigurations = (
				C9E21EAB1F3439BB00B17CC4 /* Debug */,
				C9E21EAC1F3439BB00B17CC4 /* Release */,
			);
			defaultConfigurationIsVisible = 0;
			defaultConfigurationName = Release;
		};
/* End XCConfigurationList section */
	};
	rootObject = C9E21E901F3439BB00B17CC4 /* Project object */;
}
